
Microsoft Visual Studio Solution File, Format Version 12.00
# Visual Studio Version 17
VisualStudioVersion = 17.0.31903.59
MinimumVisualStudioVersion = 10.0.40219.1
Project("{9A19103F-16F7-4668-BE54-9A1E7A4F7556}") = "WebApi", "WebApi\WebApi.csproj", "{F7279BB7-DAC6-4984-B813-54F1AB59E01C}"
EndProject
Project("{9A19103F-16F7-4668-BE54-9A1E7A4F7556}") = "Entities", "Entities\Entities.csproj", "{0570CE96-754D-420F-83F4-1C95D7DBA2E4}"
EndProject
Project("{9A19103F-16F7-4668-BE54-9A1E7A4F7556}") = "Repositories", "Repositories\Repositories.csproj", "{BBB7304B-6320-4354-A3D7-E8E95732DC07}"
EndProject
Project("{FAE04EC0-301F-11D3-BF4B-00C04F79EFBC}") = "Services", "Services\Services.csproj", "{E37FC057-6A75-42FB-9741-6007E92C0DAC}"
EndProject
Project("{FAE04EC0-301F-11D3-BF4B-00C04F79EFBC}") = "Presentation", "Presentation\Presentation.csproj", "{BDC732E0-90DF-4B52-9227-27AE98117A11}"
EndProject
Global
	GlobalSection(SolutionConfigurationPlatforms) = preSolution
		Debug|Any CPU = Debug|Any CPU
		Release|Any CPU = Release|Any CPU
	EndGlobalSection
	GlobalSection(ProjectConfigurationPlatforms) = postSolution
		{F7279BB7-DAC6-4984-B813-54F1AB59E01C}.Debug|Any CPU.ActiveCfg = Debug|Any CPU
		{F7279BB7-DAC6-4984-B813-54F1AB59E01C}.Debug|Any CPU.Build.0 = Debug|Any CPU
		{F7279BB7-DAC6-4984-B813-54F1AB59E01C}.Release|Any CPU.ActiveCfg = Release|Any CPU
		{F7279BB7-DAC6-4984-B813-54F1AB59E01C}.Release|Any CPU.Build.0 = Release|Any CPU
		{0570CE96-754D-420F-83F4-1C95D7DBA2E4}.Debug|Any CPU.ActiveCfg = Debug|Any CPU
		{0570CE96-754D-420F-83F4-1C95D7DBA2E4}.Debug|Any CPU.Build.0 = Debug|Any CPU
		{0570CE96-754D-420F-83F4-1C95D7DBA2E4}.Release|Any CPU.ActiveCfg = Release|Any CPU
		{0570CE96-754D-420F-83F4-1C95D7DBA2E4}.Release|Any CPU.Build.0 = Release|Any CPU
		{BBB7304B-6320-4354-A3D7-E8E95732DC07}.Debug|Any CPU.ActiveCfg = Debug|Any CPU
		{BBB7304B-6320-4354-A3D7-E8E95732DC07}.Debug|Any CPU.Build.0 = Debug|Any CPU
		{BBB7304B-6320-4354-A3D7-E8E95732DC07}.Release|Any CPU.ActiveCfg = Release|Any CPU
		{BBB7304B-6320-4354-A3D7-E8E95732DC07}.Release|Any CPU.Build.0 = Release|Any CPU
		{E37FC057-6A75-42FB-9741-6007E92C0DAC}.Debug|Any CPU.ActiveCfg = Debug|Any CPU
		{E37FC057-6A75-42FB-9741-6007E92C0DAC}.Debug|Any CPU.Build.0 = Debug|Any CPU
		{E37FC057-6A75-42FB-9741-6007E92C0DAC}.Release|Any CPU.ActiveCfg = Release|Any CPU
		{E37FC057-6A75-42FB-9741-6007E92C0DAC}.Release|Any CPU.Build.0 = Release|Any CPU
		{BDC732E0-90DF-4B52-9227-27AE98117A11}.Debug|Any CPU.ActiveCfg = Debug|Any CPU
		{BDC732E0-90DF-4B52-9227-27AE98117A11}.Debug|Any CPU.Build.0 = Debug|Any CPU
		{BDC732E0-90DF-4B52-9227-27AE98117A11}.Release|Any CPU.ActiveCfg = Release|Any CPU
		{BDC732E0-90DF-4B52-9227-27AE98117A11}.Release|Any CPU.Build.0 = Release|Any CPU
	EndGlobalSection
	GlobalSection(SolutionProperties) = preSolution
		HideSolutionNode = FALSE
	EndGlobalSection
	GlobalSection(ExtensibilityGlobals) = postSolution
		SolutionGuid = {141B8054-8FAC-4279-936B-E696A543FF16}
	EndGlobalSection
EndGlobal
